
Microsoft Visual Studio Solution File, Format Version 12.00
# Visual Studio 15
Project("{FAE04EC0-301F-11D3-BF4B-00C04F79EFBC}") = "pipelining", "pipelining\pipelining.csproj", "{17FB23A5-5B5E-4DBC-A7A0-890385D18225}"
EndProject
Project("{FAE04EC0-301F-11D3-BF4B-00C04F79EFBC}") = "pipelining.Tests", "pipelining.Tests\pipelining.Tests.csproj", "{7E95A61D-EB32-4022-8118-229D80C4A322}"
EndProject
Global
	GlobalSection(SolutionConfigurationPlatforms) = preSolution
		Debug|Any CPU = Debug|Any CPU
		Release|Any CPU = Release|Any CPU
	EndGlobalSection
	GlobalSection(ProjectConfigurationPlatforms) = postSolution
		{17FB23A5-5B5E-4DBC-A7A0-890385D18225}.Debug|Any CPU.ActiveCfg = Debug|Any CPU
		{17FB23A5-5B5E-4DBC-A7A0-890385D18225}.Debug|Any CPU.Build.0 = Debug|Any CPU
		{17FB23A5-5B5E-4DBC-A7A0-890385D18225}.Release|Any CPU.ActiveCfg = Release|Any CPU
		{17FB23A5-5B5E-4DBC-A7A0-890385D18225}.Release|Any CPU.Build.0 = Release|Any CPU
		{7E95A61D-EB32-4022-8118-229D80C4A322}.Debug|Any CPU.ActiveCfg = Debug|Any CPU
		{7E95A61D-EB32-4022-8118-229D80C4A322}.Debug|Any CPU.Build.0 = Debug|Any CPU
		{7E95A61D-EB32-4022-8118-229D80C4A322}.Release|Any CPU.ActiveCfg = Release|Any CPU
		{7E95A61D-EB32-4022-8118-229D80C4A322}.Release|Any CPU.Build.0 = Release|Any CPU
	EndGlobalSection
EndGlobal
